
Microsoft Visual Studio Solution File, Format Version 12.00
# Visual Studio 2013
VisualStudioVersion = 12.0.30501.0
MinimumVisualStudioVersion = 10.0.40219.1
Project("{8BC9CEB8-8B4A-11D0-8D11-00A0C91BC942}") = "Prog 5 - 591 - Box of Bricks", "Prog 5 - 591 - Box of Bricks\Prog 5 - 591 - Box of Bricks.vcxproj", "{EF391505-B9BF-416E-B4DE-AA6B312231C0}"
EndProject
Global
	GlobalSection(SolutionConfigurationPlatforms) = preSolution
		Debug|Win32 = Debug|Win32
		Release|Win32 = Release|Win32
	EndGlobalSection
	GlobalSection(ProjectConfigurationPlatforms) = postSolution
		{EF391505-B9BF-416E-B4DE-AA6B312231C0}.Debug|Win32.ActiveCfg = Debug|Win32
		{EF391505-B9BF-416E-B4DE-AA6B312231C0}.Debug|Win32.Build.0 = Debug|Win32
		{EF391505-B9BF-416E-B4DE-AA6B312231C0}.Release|Win32.ActiveCfg = Release|Win32
		{EF391505-B9BF-416E-B4DE-AA6B312231C0}.Release|Win32.Build.0 = Release|Win32
	EndGlobalSection
	GlobalSection(SolutionProperties) = preSolution
		HideSolutionNode = FALSE
	EndGlobalSection
EndGlobal
