
Microsoft Visual Studio Solution File, Format Version 12.00
# Visual Studio 2013
VisualStudioVersion = 12.0.30501.0
MinimumVisualStudioVersion = 10.0.40219.1
Project("{8BC9CEB8-8B4A-11D0-8D11-00A0C91BC942}") = "Program 13 - 12347 - Binary Search Tree", "Program 13 - 12347 - Binary Search Tree\Program 13 - 12347 - Binary Search Tree.vcxproj", "{AE8284F2-DAE0-4FE2-BF6F-E634889BCF5E}"
EndProject
Global
	GlobalSection(SolutionConfigurationPlatforms) = preSolution
		Debug|Win32 = Debug|Win32
		Release|Win32 = Release|Win32
	EndGlobalSection
	GlobalSection(ProjectConfigurationPlatforms) = postSolution
		{AE8284F2-DAE0-4FE2-BF6F-E634889BCF5E}.Debug|Win32.ActiveCfg = Debug|Win32
		{AE8284F2-DAE0-4FE2-BF6F-E634889BCF5E}.Debug|Win32.Build.0 = Debug|Win32
		{AE8284F2-DAE0-4FE2-BF6F-E634889BCF5E}.Release|Win32.ActiveCfg = Release|Win32
		{AE8284F2-DAE0-4FE2-BF6F-E634889BCF5E}.Release|Win32.Build.0 = Release|Win32
	EndGlobalSection
	GlobalSection(SolutionProperties) = preSolution
		HideSolutionNode = FALSE
	EndGlobalSection
EndGlobal
